// !$*UTF8*$!
{
	archiveVersion = 1;
	classes = {
	};
	objectVersion = 48;
	objects = {

/* Begin PBXBuildFile section */
		020348C8F58E77267B58CE2E /* Pods_Fill_In_The_BlanksTests.framework in Frameworks */ = {isa = PBXBuildFile; fileRef = 8D2F18816CB0AEAE33023F7E /* Pods_Fill_In_The_BlanksTests.framework */; };
		642DDD9813BBECB52E25F85E /* Pods_Fill_In_The_BlanksUITests.framework in Frameworks */ = {isa = PBXBuildFile; fileRef = 929B7C2229DB0044D4A438F7 /* Pods_Fill_In_The_BlanksUITests.framework */; };
		71EFC87A139C61B5AC96EDFC /* Pods_Fill_In_The_Blanks.framework in Frameworks */ = {isa = PBXBuildFile; fileRef = 25B168DA4BCCFEFF1C9B99FB /* Pods_Fill_In_The_Blanks.framework */; };
		A30F899B202E74B400748E22 /* CMTextField.swift in Sources */ = {isa = PBXBuildFile; fileRef = A30F899A202E74B400748E22 /* CMTextField.swift */; };
		A30F899D20301B7B00748E22 /* UIColor+CM.swift in Sources */ = {isa = PBXBuildFile; fileRef = A30F899C20301B7B00748E22 /* UIColor+CM.swift */; };
		C3050E12203E53B300966243 /* ResultsViewController.swift in Sources */ = {isa = PBXBuildFile; fileRef = C3050E11203E53B300966243 /* ResultsViewController.swift */; };
		C36A61712034F7D700FA3C36 /* PlayerTableViewCell.swift in Sources */ = {isa = PBXBuildFile; fileRef = C36A616F2034F7D700FA3C36 /* PlayerTableViewCell.swift */; };
		C36A61722034F7D700FA3C36 /* PlayerTableViewCell.xib in Resources */ = {isa = PBXBuildFile; fileRef = C36A61702034F7D700FA3C36 /* PlayerTableViewCell.xib */; };
		C36A61742034FC6400FA3C36 /* Helpers.swift in Sources */ = {isa = PBXBuildFile; fileRef = C36A61732034FC6400FA3C36 /* Helpers.swift */; };
		C373C43A2035E34D00616853 /* HostJoinViewController.swift in Sources */ = {isa = PBXBuildFile; fileRef = C373C4392035E34D00616853 /* HostJoinViewController.swift */; };
		C373C43C2035EA4400616853 /* LocalServiceManager.swift in Sources */ = {isa = PBXBuildFile; fileRef = C373C43B2035EA4400616853 /* LocalServiceManager.swift */; };
		C3931DCE2034F1C000C3A9A6 /* LobbyViewController.swift in Sources */ = {isa = PBXBuildFile; fileRef = C3931DCD2034F1C000C3A9A6 /* LobbyViewController.swift */; };
		C3E3A882203E178D00666C5F /* Player.swift in Sources */ = {isa = PBXBuildFile; fileRef = C3E3A881203E178D00666C5F /* Player.swift */; };
		C3E3A884203E17C100666C5F /* Message.swift in Sources */ = {isa = PBXBuildFile; fileRef = C3E3A883203E17C100666C5F /* Message.swift */; };
		C3EBE49920113F9400B44006 /* AppDelegate.swift in Sources */ = {isa = PBXBuildFile; fileRef = C3EBE49820113F9400B44006 /* AppDelegate.swift */; };
		C3EBE49B20113F9400B44006 /* GameViewController.swift in Sources */ = {isa = PBXBuildFile; fileRef = C3EBE49A20113F9400B44006 /* GameViewController.swift */; };
		C3EBE49E20113F9400B44006 /* Main.storyboard in Resources */ = {isa = PBXBuildFile; fileRef = C3EBE49C20113F9400B44006 /* Main.storyboard */; };
		C3EBE4A020113F9400B44006 /* Assets.xcassets in Resources */ = {isa = PBXBuildFile; fileRef = C3EBE49F20113F9400B44006 /* Assets.xcassets */; };
		C3EBE4A320113F9400B44006 /* LaunchScreen.storyboard in Resources */ = {isa = PBXBuildFile; fileRef = C3EBE4A120113F9400B44006 /* LaunchScreen.storyboard */; };
		C3EBE4AE20113F9500B44006 /* Fill_In_The_BlanksTests.swift in Sources */ = {isa = PBXBuildFile; fileRef = C3EBE4AD20113F9500B44006 /* Fill_In_The_BlanksTests.swift */; };
		C3EBE4B920113F9500B44006 /* Fill_In_The_BlanksUITests.swift in Sources */ = {isa = PBXBuildFile; fileRef = C3EBE4B820113F9500B44006 /* Fill_In_The_BlanksUITests.swift */; };
		C3EBE4C720113FBC00B44006 /* MessageManager.swift in Sources */ = {isa = PBXBuildFile; fileRef = C3EBE4C620113FBC00B44006 /* MessageManager.swift */; };
		C3F168862034EF330086AF0B /* HomeViewController.swift in Sources */ = {isa = PBXBuildFile; fileRef = C3F168852034EF330086AF0B /* HomeViewController.swift */; };
/* End PBXBuildFile section */

/* Begin PBXContainerItemProxy section */
		C3EBE4AA20113F9500B44006 /* PBXContainerItemProxy */ = {
			isa = PBXContainerItemProxy;
			containerPortal = C3EBE48D20113F9400B44006 /* Project object */;
			proxyType = 1;
			remoteGlobalIDString = C3EBE49420113F9400B44006;
			remoteInfo = "Fill In The Blanks";
		};
		C3EBE4B520113F9500B44006 /* PBXContainerItemProxy */ = {
			isa = PBXContainerItemProxy;
			containerPortal = C3EBE48D20113F9400B44006 /* Project object */;
			proxyType = 1;
			remoteGlobalIDString = C3EBE49420113F9400B44006;
			remoteInfo = "Fill In The Blanks";
		};
/* End PBXContainerItemProxy section */

/* Begin PBXFileReference section */
		1F7B8789C8C35DD0E2E1D035 /* Pods-Fill In The BlanksUITests.release.xcconfig */ = {isa = PBXFileReference; includeInIndex = 1; lastKnownFileType = text.xcconfig; name = "Pods-Fill In The BlanksUITests.release.xcconfig"; path = "Pods/Target Support Files/Pods-Fill In The BlanksUITests/Pods-Fill In The BlanksUITests.release.xcconfig"; sourceTree = "<group>"; };
		25B168DA4BCCFEFF1C9B99FB /* Pods_Fill_In_The_Blanks.framework */ = {isa = PBXFileReference; explicitFileType = wrapper.framework; includeInIndex = 0; path = Pods_Fill_In_The_Blanks.framework; sourceTree = BUILT_PRODUCTS_DIR; };
		6EFDCB8820EFEF967F80F554 /* Pods-Fill In The Blanks.debug.xcconfig */ = {isa = PBXFileReference; includeInIndex = 1; lastKnownFileType = text.xcconfig; name = "Pods-Fill In The Blanks.debug.xcconfig"; path = "Pods/Target Support Files/Pods-Fill In The Blanks/Pods-Fill In The Blanks.debug.xcconfig"; sourceTree = "<group>"; };
		7005D218D1F855655448F5C1 /* Pods-Fill In The BlanksTests.debug.xcconfig */ = {isa = PBXFileReference; includeInIndex = 1; lastKnownFileType = text.xcconfig; name = "Pods-Fill In The BlanksTests.debug.xcconfig"; path = "Pods/Target Support Files/Pods-Fill In The BlanksTests/Pods-Fill In The BlanksTests.debug.xcconfig"; sourceTree = "<group>"; };
		886968A78C0CE51E686C60B2 /* Pods-Fill In The BlanksUITests.debug.xcconfig */ = {isa = PBXFileReference; includeInIndex = 1; lastKnownFileType = text.xcconfig; name = "Pods-Fill In The BlanksUITests.debug.xcconfig"; path = "Pods/Target Support Files/Pods-Fill In The BlanksUITests/Pods-Fill In The BlanksUITests.debug.xcconfig"; sourceTree = "<group>"; };
		8C10297D2202D177CCE0D5B5 /* Pods-Fill In The Blanks.release.xcconfig */ = {isa = PBXFileReference; includeInIndex = 1; lastKnownFileType = text.xcconfig; name = "Pods-Fill In The Blanks.release.xcconfig"; path = "Pods/Target Support Files/Pods-Fill In The Blanks/Pods-Fill In The Blanks.release.xcconfig"; sourceTree = "<group>"; };
		8D2F18816CB0AEAE33023F7E /* Pods_Fill_In_The_BlanksTests.framework */ = {isa = PBXFileReference; explicitFileType = wrapper.framework; includeInIndex = 0; path = Pods_Fill_In_The_BlanksTests.framework; sourceTree = BUILT_PRODUCTS_DIR; };
		929B7C2229DB0044D4A438F7 /* Pods_Fill_In_The_BlanksUITests.framework */ = {isa = PBXFileReference; explicitFileType = wrapper.framework; includeInIndex = 0; path = Pods_Fill_In_The_BlanksUITests.framework; sourceTree = BUILT_PRODUCTS_DIR; };
		A30F899A202E74B400748E22 /* CMTextField.swift */ = {isa = PBXFileReference; lastKnownFileType = sourcecode.swift; path = CMTextField.swift; sourceTree = "<group>"; };
		A30F899C20301B7B00748E22 /* UIColor+CM.swift */ = {isa = PBXFileReference; lastKnownFileType = sourcecode.swift; path = "UIColor+CM.swift"; sourceTree = "<group>"; };
		C3050E11203E53B300966243 /* ResultsViewController.swift */ = {isa = PBXFileReference; lastKnownFileType = sourcecode.swift; path = ResultsViewController.swift; sourceTree = "<group>"; };
		C36A616F2034F7D700FA3C36 /* PlayerTableViewCell.swift */ = {isa = PBXFileReference; lastKnownFileType = sourcecode.swift; path = PlayerTableViewCell.swift; sourceTree = "<group>"; };
		C36A61702034F7D700FA3C36 /* PlayerTableViewCell.xib */ = {isa = PBXFileReference; lastKnownFileType = file.xib; path = PlayerTableViewCell.xib; sourceTree = "<group>"; };
		C36A61732034FC6400FA3C36 /* Helpers.swift */ = {isa = PBXFileReference; lastKnownFileType = sourcecode.swift; path = Helpers.swift; sourceTree = "<group>"; };
		C373C4392035E34D00616853 /* HostJoinViewController.swift */ = {isa = PBXFileReference; lastKnownFileType = sourcecode.swift; path = HostJoinViewController.swift; sourceTree = "<group>"; };
		C373C43B2035EA4400616853 /* LocalServiceManager.swift */ = {isa = PBXFileReference; lastKnownFileType = sourcecode.swift; path = LocalServiceManager.swift; sourceTree = "<group>"; };
		C3931DCD2034F1C000C3A9A6 /* LobbyViewController.swift */ = {isa = PBXFileReference; lastKnownFileType = sourcecode.swift; path = LobbyViewController.swift; sourceTree = "<group>"; };
		C3E3A881203E178D00666C5F /* Player.swift */ = {isa = PBXFileReference; lastKnownFileType = sourcecode.swift; path = Player.swift; sourceTree = "<group>"; };
		C3E3A883203E17C100666C5F /* Message.swift */ = {isa = PBXFileReference; lastKnownFileType = sourcecode.swift; path = Message.swift; sourceTree = "<group>"; };
		C3EBE49520113F9400B44006 /* Fill In The Blanks.app */ = {isa = PBXFileReference; explicitFileType = wrapper.application; includeInIndex = 0; path = "Fill In The Blanks.app"; sourceTree = BUILT_PRODUCTS_DIR; };
		C3EBE49820113F9400B44006 /* AppDelegate.swift */ = {isa = PBXFileReference; lastKnownFileType = sourcecode.swift; path = AppDelegate.swift; sourceTree = "<group>"; };
		C3EBE49A20113F9400B44006 /* GameViewController.swift */ = {isa = PBXFileReference; lastKnownFileType = sourcecode.swift; path = GameViewController.swift; sourceTree = "<group>"; };
		C3EBE49D20113F9400B44006 /* Base */ = {isa = PBXFileReference; lastKnownFileType = file.storyboard; name = Base; path = Base.lproj/Main.storyboard; sourceTree = "<group>"; };
		C3EBE49F20113F9400B44006 /* Assets.xcassets */ = {isa = PBXFileReference; lastKnownFileType = folder.assetcatalog; path = Assets.xcassets; sourceTree = "<group>"; };
		C3EBE4A220113F9400B44006 /* Base */ = {isa = PBXFileReference; lastKnownFileType = file.storyboard; name = Base; path = Base.lproj/LaunchScreen.storyboard; sourceTree = "<group>"; };
		C3EBE4A420113F9500B44006 /* Info.plist */ = {isa = PBXFileReference; lastKnownFileType = text.plist.xml; path = Info.plist; sourceTree = "<group>"; };
		C3EBE4A920113F9500B44006 /* Fill In The BlanksTests.xctest */ = {isa = PBXFileReference; explicitFileType = wrapper.cfbundle; includeInIndex = 0; path = "Fill In The BlanksTests.xctest"; sourceTree = BUILT_PRODUCTS_DIR; };
		C3EBE4AD20113F9500B44006 /* Fill_In_The_BlanksTests.swift */ = {isa = PBXFileReference; lastKnownFileType = sourcecode.swift; path = Fill_In_The_BlanksTests.swift; sourceTree = "<group>"; };
		C3EBE4AF20113F9500B44006 /* Info.plist */ = {isa = PBXFileReference; lastKnownFileType = text.plist.xml; path = Info.plist; sourceTree = "<group>"; };
		C3EBE4B420113F9500B44006 /* Fill In The BlanksUITests.xctest */ = {isa = PBXFileReference; explicitFileType = wrapper.cfbundle; includeInIndex = 0; path = "Fill In The BlanksUITests.xctest"; sourceTree = BUILT_PRODUCTS_DIR; };
		C3EBE4B820113F9500B44006 /* Fill_In_The_BlanksUITests.swift */ = {isa = PBXFileReference; lastKnownFileType = sourcecode.swift; path = Fill_In_The_BlanksUITests.swift; sourceTree = "<group>"; };
		C3EBE4BA20113F9500B44006 /* Info.plist */ = {isa = PBXFileReference; lastKnownFileType = text.plist.xml; path = Info.plist; sourceTree = "<group>"; };
		C3EBE4C620113FBC00B44006 /* MessageManager.swift */ = {isa = PBXFileReference; lastKnownFileType = sourcecode.swift; path = MessageManager.swift; sourceTree = "<group>"; };
		C3F168852034EF330086AF0B /* HomeViewController.swift */ = {isa = PBXFileReference; lastKnownFileType = sourcecode.swift; path = HomeViewController.swift; sourceTree = "<group>"; };
		E863A8C5E39206504BC2F536 /* Pods-Fill In The BlanksTests.release.xcconfig */ = {isa = PBXFileReference; includeInIndex = 1; lastKnownFileType = text.xcconfig; name = "Pods-Fill In The BlanksTests.release.xcconfig"; path = "Pods/Target Support Files/Pods-Fill In The BlanksTests/Pods-Fill In The BlanksTests.release.xcconfig"; sourceTree = "<group>"; };
/* End PBXFileReference section */

/* Begin PBXFrameworksBuildPhase section */
		C3EBE49220113F9400B44006 /* Frameworks */ = {
			isa = PBXFrameworksBuildPhase;
			buildActionMask = 2147483647;
			files = (
				71EFC87A139C61B5AC96EDFC /* Pods_Fill_In_The_Blanks.framework in Frameworks */,
			);
			runOnlyForDeploymentPostprocessing = 0;
		};
		C3EBE4A620113F9500B44006 /* Frameworks */ = {
			isa = PBXFrameworksBuildPhase;
			buildActionMask = 2147483647;
			files = (
				020348C8F58E77267B58CE2E /* Pods_Fill_In_The_BlanksTests.framework in Frameworks */,
			);
			runOnlyForDeploymentPostprocessing = 0;
		};
		C3EBE4B120113F9500B44006 /* Frameworks */ = {
			isa = PBXFrameworksBuildPhase;
			buildActionMask = 2147483647;
			files = (
				642DDD9813BBECB52E25F85E /* Pods_Fill_In_The_BlanksUITests.framework in Frameworks */,
			);
			runOnlyForDeploymentPostprocessing = 0;
		};
/* End PBXFrameworksBuildPhase section */

/* Begin PBXGroup section */
		220990EA87DC52ECEA052071 /* Pods */ = {
			isa = PBXGroup;
			children = (
				6EFDCB8820EFEF967F80F554 /* Pods-Fill In The Blanks.debug.xcconfig */,
				8C10297D2202D177CCE0D5B5 /* Pods-Fill In The Blanks.release.xcconfig */,
				7005D218D1F855655448F5C1 /* Pods-Fill In The BlanksTests.debug.xcconfig */,
				E863A8C5E39206504BC2F536 /* Pods-Fill In The BlanksTests.release.xcconfig */,
				886968A78C0CE51E686C60B2 /* Pods-Fill In The BlanksUITests.debug.xcconfig */,
				1F7B8789C8C35DD0E2E1D035 /* Pods-Fill In The BlanksUITests.release.xcconfig */,
			);
			name = Pods;
			sourceTree = "<group>";
		};
		C3E3A880203E177000666C5F /* Models */ = {
			isa = PBXGroup;
			children = (
				C3E3A881203E178D00666C5F /* Player.swift */,
				C3E3A883203E17C100666C5F /* Message.swift */,
			);
			path = Models;
			sourceTree = "<group>";
		};
		C3EBE48C20113F9400B44006 = {
			isa = PBXGroup;
			children = (
				C3EBE49720113F9400B44006 /* Fill In The Blanks */,
				C3EBE4AC20113F9500B44006 /* Fill In The BlanksTests */,
				C3EBE4B720113F9500B44006 /* Fill In The BlanksUITests */,
				C3EBE49620113F9400B44006 /* Products */,
				220990EA87DC52ECEA052071 /* Pods */,
				D72845F75574DDCD73DEE097 /* Frameworks */,
			);
			sourceTree = "<group>";
		};
		C3EBE49620113F9400B44006 /* Products */ = {
			isa = PBXGroup;
			children = (
				C3EBE49520113F9400B44006 /* Fill In The Blanks.app */,
				C3EBE4A920113F9500B44006 /* Fill In The BlanksTests.xctest */,
				C3EBE4B420113F9500B44006 /* Fill In The BlanksUITests.xctest */,
			);
			name = Products;
			sourceTree = "<group>";
		};
		C3EBE49720113F9400B44006 /* Fill In The Blanks */ = {
			isa = PBXGroup;
			children = (
				C3E3A880203E177000666C5F /* Models */,
				C3F168842034EF1C0086AF0B /* ViewControllers */,
				C3EBE49820113F9400B44006 /* AppDelegate.swift */,
				C3EBE49C20113F9400B44006 /* Main.storyboard */,
				C3EBE49F20113F9400B44006 /* Assets.xcassets */,
				C3EBE4A120113F9400B44006 /* LaunchScreen.storyboard */,
				C3EBE4A420113F9500B44006 /* Info.plist */,
				C3EBE4C620113FBC00B44006 /* MessageManager.swift */,
				A30F899A202E74B400748E22 /* CMTextField.swift */,
				A30F899C20301B7B00748E22 /* UIColor+CM.swift */,
				C36A616F2034F7D700FA3C36 /* PlayerTableViewCell.swift */,
				C36A61702034F7D700FA3C36 /* PlayerTableViewCell.xib */,
				C36A61732034FC6400FA3C36 /* Helpers.swift */,
				C373C43B2035EA4400616853 /* LocalServiceManager.swift */,
			);
			path = "Fill In The Blanks";
			sourceTree = "<group>";
		};
		C3EBE4AC20113F9500B44006 /* Fill In The BlanksTests */ = {
			isa = PBXGroup;
			children = (
				C3EBE4AD20113F9500B44006 /* Fill_In_The_BlanksTests.swift */,
				C3EBE4AF20113F9500B44006 /* Info.plist */,
			);
			path = "Fill In The BlanksTests";
			sourceTree = "<group>";
		};
		C3EBE4B720113F9500B44006 /* Fill In The BlanksUITests */ = {
			isa = PBXGroup;
			children = (
				C3EBE4B820113F9500B44006 /* Fill_In_The_BlanksUITests.swift */,
				C3EBE4BA20113F9500B44006 /* Info.plist */,
			);
			path = "Fill In The BlanksUITests";
			sourceTree = "<group>";
		};
		C3F168842034EF1C0086AF0B /* ViewControllers */ = {
			isa = PBXGroup;
			children = (
				C3EBE49A20113F9400B44006 /* GameViewController.swift */,
				C3F168852034EF330086AF0B /* HomeViewController.swift */,
				C3931DCD2034F1C000C3A9A6 /* LobbyViewController.swift */,
				C373C4392035E34D00616853 /* HostJoinViewController.swift */,
				C3050E11203E53B300966243 /* ResultsViewController.swift */,
			);
			path = ViewControllers;
			sourceTree = "<group>";
		};
		D72845F75574DDCD73DEE097 /* Frameworks */ = {
			isa = PBXGroup;
			children = (
				25B168DA4BCCFEFF1C9B99FB /* Pods_Fill_In_The_Blanks.framework */,
				8D2F18816CB0AEAE33023F7E /* Pods_Fill_In_The_BlanksTests.framework */,
				929B7C2229DB0044D4A438F7 /* Pods_Fill_In_The_BlanksUITests.framework */,
			);
			name = Frameworks;
			sourceTree = "<group>";
		};
/* End PBXGroup section */

/* Begin PBXNativeTarget section */
		C3EBE49420113F9400B44006 /* Fill In The Blanks */ = {
			isa = PBXNativeTarget;
			buildConfigurationList = C3EBE4BD20113F9500B44006 /* Build configuration list for PBXNativeTarget "Fill In The Blanks" */;
			buildPhases = (
				CBA982D172F4DC56694D451C /* [CP] Check Pods Manifest.lock */,
				C3EBE49120113F9400B44006 /* Sources */,
				C3EBE49220113F9400B44006 /* Frameworks */,
				C3EBE49320113F9400B44006 /* Resources */,
				8A235A3C63BDB85CBF94F9B8 /* [CP] Embed Pods Frameworks */,
				519AA4E5CFC7DEEC653A285E /* [CP] Copy Pods Resources */,
			);
			buildRules = (
			);
			dependencies = (
			);
			name = "Fill In The Blanks";
			productName = "Fill In The Blanks";
			productReference = C3EBE49520113F9400B44006 /* Fill In The Blanks.app */;
			productType = "com.apple.product-type.application";
		};
		C3EBE4A820113F9500B44006 /* Fill In The BlanksTests */ = {
			isa = PBXNativeTarget;
			buildConfigurationList = C3EBE4C020113F9500B44006 /* Build configuration list for PBXNativeTarget "Fill In The BlanksTests" */;
			buildPhases = (
				C92337B556C36A64450ACA7C /* [CP] Check Pods Manifest.lock */,
				C3EBE4A520113F9500B44006 /* Sources */,
				C3EBE4A620113F9500B44006 /* Frameworks */,
				C3EBE4A720113F9500B44006 /* Resources */,
				779FA6F1A07C15AB77B0A6BB /* [CP] Embed Pods Frameworks */,
				A506CD40AB8674CF281891C0 /* [CP] Copy Pods Resources */,
			);
			buildRules = (
			);
			dependencies = (
				C3EBE4AB20113F9500B44006 /* PBXTargetDependency */,
			);
			name = "Fill In The BlanksTests";
			productName = "Fill In The BlanksTests";
			productReference = C3EBE4A920113F9500B44006 /* Fill In The BlanksTests.xctest */;
			productType = "com.apple.product-type.bundle.unit-test";
		};
		C3EBE4B320113F9500B44006 /* Fill In The BlanksUITests */ = {
			isa = PBXNativeTarget;
			buildConfigurationList = C3EBE4C320113F9500B44006 /* Build configuration list for PBXNativeTarget "Fill In The BlanksUITests" */;
			buildPhases = (
				D9543E0CC7027F47B9957487 /* [CP] Check Pods Manifest.lock */,
				C3EBE4B020113F9500B44006 /* Sources */,
				C3EBE4B120113F9500B44006 /* Frameworks */,
				C3EBE4B220113F9500B44006 /* Resources */,
				221FD06D2ECAD9AFB0E1B342 /* [CP] Embed Pods Frameworks */,
				15436200C908EC0451F43578 /* [CP] Copy Pods Resources */,
			);
			buildRules = (
			);
			dependencies = (
				C3EBE4B620113F9500B44006 /* PBXTargetDependency */,
			);
			name = "Fill In The BlanksUITests";
			productName = "Fill In The BlanksUITests";
			productReference = C3EBE4B420113F9500B44006 /* Fill In The BlanksUITests.xctest */;
			productType = "com.apple.product-type.bundle.ui-testing";
		};
/* End PBXNativeTarget section */

/* Begin PBXProject section */
		C3EBE48D20113F9400B44006 /* Project object */ = {
			isa = PBXProject;
			attributes = {
				LastSwiftUpdateCheck = 0920;
				LastUpgradeCheck = 0920;
				ORGANIZATIONNAME = "Cody Mace";
				TargetAttributes = {
					C3EBE49420113F9400B44006 = {
						CreatedOnToolsVersion = 9.2;
						ProvisioningStyle = Automatic;
					};
					C3EBE4A820113F9500B44006 = {
						CreatedOnToolsVersion = 9.2;
						ProvisioningStyle = Automatic;
						TestTargetID = C3EBE49420113F9400B44006;
					};
					C3EBE4B320113F9500B44006 = {
						CreatedOnToolsVersion = 9.2;
						ProvisioningStyle = Automatic;
						TestTargetID = C3EBE49420113F9400B44006;
					};
				};
			};
			buildConfigurationList = C3EBE49020113F9400B44006 /* Build configuration list for PBXProject "Fill In The Blanks" */;
			compatibilityVersion = "Xcode 8.0";
			developmentRegion = en;
			hasScannedForEncodings = 0;
			knownRegions = (
				en,
				Base,
			);
			mainGroup = C3EBE48C20113F9400B44006;
			productRefGroup = C3EBE49620113F9400B44006 /* Products */;
			projectDirPath = "";
			projectRoot = "";
			targets = (
				C3EBE49420113F9400B44006 /* Fill In The Blanks */,
				C3EBE4A820113F9500B44006 /* Fill In The BlanksTests */,
				C3EBE4B320113F9500B44006 /* Fill In The BlanksUITests */,
			);
		};
/* End PBXProject section */

/* Begin PBXResourcesBuildPhase section */
		C3EBE49320113F9400B44006 /* Resources */ = {
			isa = PBXResourcesBuildPhase;
			buildActionMask = 2147483647;
			files = (
				C36A61722034F7D700FA3C36 /* PlayerTableViewCell.xib in Resources */,
				C3EBE4A320113F9400B44006 /* LaunchScreen.storyboard in Resources */,
				C3EBE4A020113F9400B44006 /* Assets.xcassets in Resources */,
				C3EBE49E20113F9400B44006 /* Main.storyboard in Resources */,
			);
			runOnlyForDeploymentPostprocessing = 0;
		};
		C3EBE4A720113F9500B44006 /* Resources */ = {
			isa = PBXResourcesBuildPhase;
			buildActionMask = 2147483647;
			files = (
			);
			runOnlyForDeploymentPostprocessing = 0;
		};
		C3EBE4B220113F9500B44006 /* Resources */ = {
			isa = PBXResourcesBuildPhase;
			buildActionMask = 2147483647;
			files = (
			);
			runOnlyForDeploymentPostprocessing = 0;
		};
/* End PBXResourcesBuildPhase section */

/* Begin PBXShellScriptBuildPhase section */
		15436200C908EC0451F43578 /* [CP] Copy Pods Resources */ = {
			isa = PBXShellScriptBuildPhase;
			buildActionMask = 2147483647;
			files = (
			);
			inputPaths = (
			);
			name = "[CP] Copy Pods Resources";
			outputPaths = (
			);
			runOnlyForDeploymentPostprocessing = 0;
			shellPath = /bin/sh;
			shellScript = "\"${SRCROOT}/Pods/Target Support Files/Pods-Fill In The BlanksUITests/Pods-Fill In The BlanksUITests-resources.sh\"\n";
			showEnvVarsInLog = 0;
		};
		221FD06D2ECAD9AFB0E1B342 /* [CP] Embed Pods Frameworks */ = {
			isa = PBXShellScriptBuildPhase;
			buildActionMask = 2147483647;
			files = (
			);
			inputPaths = (
			);
			name = "[CP] Embed Pods Frameworks";
			outputPaths = (
			);
			runOnlyForDeploymentPostprocessing = 0;
			shellPath = /bin/sh;
			shellScript = "\"${SRCROOT}/Pods/Target Support Files/Pods-Fill In The BlanksUITests/Pods-Fill In The BlanksUITests-frameworks.sh\"\n";
			showEnvVarsInLog = 0;
		};
		519AA4E5CFC7DEEC653A285E /* [CP] Copy Pods Resources */ = {
			isa = PBXShellScriptBuildPhase;
			buildActionMask = 2147483647;
			files = (
			);
			inputPaths = (
			);
			name = "[CP] Copy Pods Resources";
			outputPaths = (
			);
			runOnlyForDeploymentPostprocessing = 0;
			shellPath = /bin/sh;
			shellScript = "\"${SRCROOT}/Pods/Target Support Files/Pods-Fill In The Blanks/Pods-Fill In The Blanks-resources.sh\"\n";
			showEnvVarsInLog = 0;
		};
		779FA6F1A07C15AB77B0A6BB /* [CP] Embed Pods Frameworks */ = {
			isa = PBXShellScriptBuildPhase;
			buildActionMask = 2147483647;
			files = (
			);
			inputPaths = (
			);
			name = "[CP] Embed Pods Frameworks";
			outputPaths = (
			);
			runOnlyForDeploymentPostprocessing = 0;
			shellPath = /bin/sh;
			shellScript = "\"${SRCROOT}/Pods/Target Support Files/Pods-Fill In The BlanksTests/Pods-Fill In The BlanksTests-frameworks.sh\"\n";
			showEnvVarsInLog = 0;
		};
		8A235A3C63BDB85CBF94F9B8 /* [CP] Embed Pods Frameworks */ = {
			isa = PBXShellScriptBuildPhase;
			buildActionMask = 2147483647;
			files = (
			);
			inputPaths = (
				"${SRCROOT}/Pods/Target Support Files/Pods-Fill In The Blanks/Pods-Fill In The Blanks-frameworks.sh",
				"${BUILT_PRODUCTS_DIR}/Cartography/Cartography.framework",
				"${BUILT_PRODUCTS_DIR}/Hero/Hero.framework",
			);
			name = "[CP] Embed Pods Frameworks";
			outputPaths = (
				"${TARGET_BUILD_DIR}/${FRAMEWORKS_FOLDER_PATH}/Cartography.framework",
				"${TARGET_BUILD_DIR}/${FRAMEWORKS_FOLDER_PATH}/Hero.framework",
			);
			runOnlyForDeploymentPostprocessing = 0;
			shellPath = /bin/sh;
			shellScript = "\"${SRCROOT}/Pods/Target Support Files/Pods-Fill In The Blanks/Pods-Fill In The Blanks-frameworks.sh\"\n";
			showEnvVarsInLog = 0;
		};
		A506CD40AB8674CF281891C0 /* [CP] Copy Pods Resources */ = {
			isa = PBXShellScriptBuildPhase;
			buildActionMask = 2147483647;
			files = (
			);
			inputPaths = (
			);
			name = "[CP] Copy Pods Resources";
			outputPaths = (
			);
			runOnlyForDeploymentPostprocessing = 0;
			shellPath = /bin/sh;
			shellScript = "\"${SRCROOT}/Pods/Target Support Files/Pods-Fill In The BlanksTests/Pods-Fill In The BlanksTests-resources.sh\"\n";
			showEnvVarsInLog = 0;
		};
		C92337B556C36A64450ACA7C /* [CP] Check Pods Manifest.lock */ = {
			isa = PBXShellScriptBuildPhase;
			buildActionMask = 2147483647;
			files = (
			);
			inputPaths = (
				"${PODS_PODFILE_DIR_PATH}/Podfile.lock",
				"${PODS_ROOT}/Manifest.lock",
			);
			name = "[CP] Check Pods Manifest.lock";
			outputPaths = (
				"$(DERIVED_FILE_DIR)/Pods-Fill In The BlanksTests-checkManifestLockResult.txt",
			);
			runOnlyForDeploymentPostprocessing = 0;
			shellPath = /bin/sh;
			shellScript = "diff \"${PODS_PODFILE_DIR_PATH}/Podfile.lock\" \"${PODS_ROOT}/Manifest.lock\" > /dev/null\nif [ $? != 0 ] ; then\n    # print error to STDERR\n    echo \"error: The sandbox is not in sync with the Podfile.lock. Run 'pod install' or update your CocoaPods installation.\" >&2\n    exit 1\nfi\n# This output is used by Xcode 'outputs' to avoid re-running this script phase.\necho \"SUCCESS\" > \"${SCRIPT_OUTPUT_FILE_0}\"\n";
			showEnvVarsInLog = 0;
		};
		CBA982D172F4DC56694D451C /* [CP] Check Pods Manifest.lock */ = {
			isa = PBXShellScriptBuildPhase;
			buildActionMask = 2147483647;
			files = (
			);
			inputPaths = (
				"${PODS_PODFILE_DIR_PATH}/Podfile.lock",
				"${PODS_ROOT}/Manifest.lock",
			);
			name = "[CP] Check Pods Manifest.lock";
			outputPaths = (
				"$(DERIVED_FILE_DIR)/Pods-Fill In The Blanks-checkManifestLockResult.txt",
			);
			runOnlyForDeploymentPostprocessing = 0;
			shellPath = /bin/sh;
			shellScript = "diff \"${PODS_PODFILE_DIR_PATH}/Podfile.lock\" \"${PODS_ROOT}/Manifest.lock\" > /dev/null\nif [ $? != 0 ] ; then\n    # print error to STDERR\n    echo \"error: The sandbox is not in sync with the Podfile.lock. Run 'pod install' or update your CocoaPods installation.\" >&2\n    exit 1\nfi\n# This output is used by Xcode 'outputs' to avoid re-running this script phase.\necho \"SUCCESS\" > \"${SCRIPT_OUTPUT_FILE_0}\"\n";
			showEnvVarsInLog = 0;
		};
		D9543E0CC7027F47B9957487 /* [CP] Check Pods Manifest.lock */ = {
			isa = PBXShellScriptBuildPhase;
			buildActionMask = 2147483647;
			files = (
			);
			inputPaths = (
				"${PODS_PODFILE_DIR_PATH}/Podfile.lock",
				"${PODS_ROOT}/Manifest.lock",
			);
			name = "[CP] Check Pods Manifest.lock";
			outputPaths = (
				"$(DERIVED_FILE_DIR)/Pods-Fill In The BlanksUITests-checkManifestLockResult.txt",
			);
			runOnlyForDeploymentPostprocessing = 0;
			shellPath = /bin/sh;
			shellScript = "diff \"${PODS_PODFILE_DIR_PATH}/Podfile.lock\" \"${PODS_ROOT}/Manifest.lock\" > /dev/null\nif [ $? != 0 ] ; then\n    # print error to STDERR\n    echo \"error: The sandbox is not in sync with the Podfile.lock. Run 'pod install' or update your CocoaPods installation.\" >&2\n    exit 1\nfi\n# This output is used by Xcode 'outputs' to avoid re-running this script phase.\necho \"SUCCESS\" > \"${SCRIPT_OUTPUT_FILE_0}\"\n";
			showEnvVarsInLog = 0;
		};
/* End PBXShellScriptBuildPhase section */

/* Begin PBXSourcesBuildPhase section */
		C3EBE49120113F9400B44006 /* Sources */ = {
			isa = PBXSourcesBuildPhase;
			buildActionMask = 2147483647;
			files = (
				C3EBE4C720113FBC00B44006 /* MessageManager.swift in Sources */,
				A30F899B202E74B400748E22 /* CMTextField.swift in Sources */,
				C373C43A2035E34D00616853 /* HostJoinViewController.swift in Sources */,
				C3050E12203E53B300966243 /* ResultsViewController.swift in Sources */,
				C373C43C2035EA4400616853 /* LocalServiceManager.swift in Sources */,
				C3E3A882203E178D00666C5F /* Player.swift in Sources */,
				C3931DCE2034F1C000C3A9A6 /* LobbyViewController.swift in Sources */,
				C3EBE49B20113F9400B44006 /* GameViewController.swift in Sources */,
				C36A61742034FC6400FA3C36 /* Helpers.swift in Sources */,
				C36A61712034F7D700FA3C36 /* PlayerTableViewCell.swift in Sources */,
				C3E3A884203E17C100666C5F /* Message.swift in Sources */,
				C3EBE49920113F9400B44006 /* AppDelegate.swift in Sources */,
				C3F168862034EF330086AF0B /* HomeViewController.swift in Sources */,
				A30F899D20301B7B00748E22 /* UIColor+CM.swift in Sources */,
			);
			runOnlyForDeploymentPostprocessing = 0;
		};
		C3EBE4A520113F9500B44006 /* Sources */ = {
			isa = PBXSourcesBuildPhase;
			buildActionMask = 2147483647;
			files = (
				C3EBE4AE20113F9500B44006 /* Fill_In_The_BlanksTests.swift in Sources */,
			);
			runOnlyForDeploymentPostprocessing = 0;
		};
		C3EBE4B020113F9500B44006 /* Sources */ = {
			isa = PBXSourcesBuildPhase;
			buildActionMask = 2147483647;
			files = (
				C3EBE4B920113F9500B44006 /* Fill_In_The_BlanksUITests.swift in Sources */,
			);
			runOnlyForDeploymentPostprocessing = 0;
		};
/* End PBXSourcesBuildPhase section */

/* Begin PBXTargetDependency section */
		C3EBE4AB20113F9500B44006 /* PBXTargetDependency */ = {
			isa = PBXTargetDependency;
			target = C3EBE49420113F9400B44006 /* Fill In The Blanks */;
			targetProxy = C3EBE4AA20113F9500B44006 /* PBXContainerItemProxy */;
		};
		C3EBE4B620113F9500B44006 /* PBXTargetDependency */ = {
			isa = PBXTargetDependency;
			target = C3EBE49420113F9400B44006 /* Fill In The Blanks */;
			targetProxy = C3EBE4B520113F9500B44006 /* PBXContainerItemProxy */;
		};
/* End PBXTargetDependency section */

/* Begin PBXVariantGroup section */
		C3EBE49C20113F9400B44006 /* Main.storyboard */ = {
			isa = PBXVariantGroup;
			children = (
				C3EBE49D20113F9400B44006 /* Base */,
			);
			name = Main.storyboard;
			sourceTree = "<group>";
		};
		C3EBE4A120113F9400B44006 /* LaunchScreen.storyboard */ = {
			isa = PBXVariantGroup;
			children = (
				C3EBE4A220113F9400B44006 /* Base */,
			);
			name = LaunchScreen.storyboard;
			sourceTree = "<group>";
		};
/* End PBXVariantGroup section */

/* Begin XCBuildConfiguration section */
		C3EBE4BB20113F9500B44006 /* Debug */ = {
			isa = XCBuildConfiguration;
			buildSettings = {
				ALWAYS_SEARCH_USER_PATHS = NO;
				CLANG_ANALYZER_NONNULL = YES;
				CLANG_ANALYZER_NUMBER_OBJECT_CONVERSION = YES_AGGRESSIVE;
				CLANG_CXX_LANGUAGE_STANDARD = "gnu++14";
				CLANG_CXX_LIBRARY = "libc++";
				CLANG_ENABLE_MODULES = YES;
				CLANG_ENABLE_OBJC_ARC = YES;
				CLANG_WARN_BLOCK_CAPTURE_AUTORELEASING = YES;
				CLANG_WARN_BOOL_CONVERSION = YES;
				CLANG_WARN_COMMA = YES;
				CLANG_WARN_CONSTANT_CONVERSION = YES;
				CLANG_WARN_DIRECT_OBJC_ISA_USAGE = YES_ERROR;
				CLANG_WARN_DOCUMENTATION_COMMENTS = YES;
				CLANG_WARN_EMPTY_BODY = YES;
				CLANG_WARN_ENUM_CONVERSION = YES;
				CLANG_WARN_INFINITE_RECURSION = YES;
				CLANG_WARN_INT_CONVERSION = YES;
				CLANG_WARN_NON_LITERAL_NULL_CONVERSION = YES;
				CLANG_WARN_OBJC_LITERAL_CONVERSION = YES;
				CLANG_WARN_OBJC_ROOT_CLASS = YES_ERROR;
				CLANG_WARN_RANGE_LOOP_ANALYSIS = YES;
				CLANG_WARN_STRICT_PROTOTYPES = YES;
				CLANG_WARN_SUSPICIOUS_MOVE = YES;
				CLANG_WARN_UNGUARDED_AVAILABILITY = YES_AGGRESSIVE;
				CLANG_WARN_UNREACHABLE_CODE = YES;
				CLANG_WARN__DUPLICATE_METHOD_MATCH = YES;
				CODE_SIGN_IDENTITY = "iPhone Developer";
				COPY_PHASE_STRIP = NO;
				DEBUG_INFORMATION_FORMAT = dwarf;
				ENABLE_STRICT_OBJC_MSGSEND = YES;
				ENABLE_TESTABILITY = YES;
				GCC_C_LANGUAGE_STANDARD = gnu11;
				GCC_DYNAMIC_NO_PIC = NO;
				GCC_NO_COMMON_BLOCKS = YES;
				GCC_OPTIMIZATION_LEVEL = 0;
				GCC_PREPROCESSOR_DEFINITIONS = (
					"DEBUG=1",
					"$(inherited)",
				);
				GCC_WARN_64_TO_32_BIT_CONVERSION = YES;
				GCC_WARN_ABOUT_RETURN_TYPE = YES_ERROR;
				GCC_WARN_UNDECLARED_SELECTOR = YES;
				GCC_WARN_UNINITIALIZED_AUTOS = YES_AGGRESSIVE;
				GCC_WARN_UNUSED_FUNCTION = YES;
				GCC_WARN_UNUSED_VARIABLE = YES;
				IPHONEOS_DEPLOYMENT_TARGET = 11.2;
				MTL_ENABLE_DEBUG_INFO = YES;
				ONLY_ACTIVE_ARCH = YES;
				SDKROOT = iphoneos;
				SWIFT_ACTIVE_COMPILATION_CONDITIONS = DEBUG;
				SWIFT_OPTIMIZATION_LEVEL = "-Onone";
			};
			name = Debug;
		};
		C3EBE4BC20113F9500B44006 /* Release */ = {
			isa = XCBuildConfiguration;
			buildSettings = {
				ALWAYS_SEARCH_USER_PATHS = NO;
				CLANG_ANALYZER_NONNULL = YES;
				CLANG_ANALYZER_NUMBER_OBJECT_CONVERSION = YES_AGGRESSIVE;
				CLANG_CXX_LANGUAGE_STANDARD = "gnu++14";
				CLANG_CXX_LIBRARY = "libc++";
				CLANG_ENABLE_MODULES = YES;
				CLANG_ENABLE_OBJC_ARC = YES;
				CLANG_WARN_BLOCK_CAPTURE_AUTORELEASING = YES;
				CLANG_WARN_BOOL_CONVERSION = YES;
				CLANG_WARN_COMMA = YES;
				CLANG_WARN_CONSTANT_CONVERSION = YES;
				CLANG_WARN_DIRECT_OBJC_ISA_USAGE = YES_ERROR;
				CLANG_WARN_DOCUMENTATION_COMMENTS = YES;
				CLANG_WARN_EMPTY_BODY = YES;
				CLANG_WARN_ENUM_CONVERSION = YES;
				CLANG_WARN_INFINITE_RECURSION = YES;
				CLANG_WARN_INT_CONVERSION = YES;
				CLANG_WARN_NON_LITERAL_NULL_CONVERSION = YES;
				CLANG_WARN_OBJC_LITERAL_CONVERSION = YES;
				CLANG_WARN_OBJC_ROOT_CLASS = YES_ERROR;
				CLANG_WARN_RANGE_LOOP_ANALYSIS = YES;
				CLANG_WARN_STRICT_PROTOTYPES = YES;
				CLANG_WARN_SUSPICIOUS_MOVE = YES;
				CLANG_WARN_UNGUARDED_AVAILABILITY = YES_AGGRESSIVE;
				CLANG_WARN_UNREACHABLE_CODE = YES;
				CLANG_WARN__DUPLICATE_METHOD_MATCH = YES;
				CODE_SIGN_IDENTITY = "iPhone Developer";
				COPY_PHASE_STRIP = NO;
				DEBUG_INFORMATION_FORMAT = "dwarf-with-dsym";
				ENABLE_NS_ASSERTIONS = NO;
				ENABLE_STRICT_OBJC_MSGSEND = YES;
				GCC_C_LANGUAGE_STANDARD = gnu11;
				GCC_NO_COMMON_BLOCKS = YES;
				GCC_WARN_64_TO_32_BIT_CONVERSION = YES;
				GCC_WARN_ABOUT_RETURN_TYPE = YES_ERROR;
				GCC_WARN_UNDECLARED_SELECTOR = YES;
				GCC_WARN_UNINITIALIZED_AUTOS = YES_AGGRESSIVE;
				GCC_WARN_UNUSED_FUNCTION = YES;
				GCC_WARN_UNUSED_VARIABLE = YES;
				IPHONEOS_DEPLOYMENT_TARGET = 11.2;
				MTL_ENABLE_DEBUG_INFO = NO;
				SDKROOT = iphoneos;
				SWIFT_OPTIMIZATION_LEVEL = "-Owholemodule";
				VALIDATE_PRODUCT = YES;
			};
			name = Release;
		};
		C3EBE4BE20113F9500B44006 /* Debug */ = {
			isa = XCBuildConfiguration;
			baseConfigurationReference = 6EFDCB8820EFEF967F80F554 /* Pods-Fill In The Blanks.debug.xcconfig */;
			buildSettings = {
				ASSETCATALOG_COMPILER_APPICON_NAME = AppIcon;
				CODE_SIGN_STYLE = Automatic;
				DEVELOPMENT_TEAM = NE2625R7RX;
				INFOPLIST_FILE = "Fill In The Blanks/Info.plist";
				IPHONEOS_DEPLOYMENT_TARGET = 10.3;
				LD_RUNPATH_SEARCH_PATHS = "$(inherited) @executable_path/Frameworks";
				PRODUCT_BUNDLE_IDENTIFIER = "com.codymace.Fill-In-The-Blanks";
				PRODUCT_NAME = "$(TARGET_NAME)";
				SWIFT_VERSION = 4.0;
				TARGETED_DEVICE_FAMILY = "1,2";
			};
			name = Debug;
		};
		C3EBE4BF20113F9500B44006 /* Release */ = {
			isa = XCBuildConfiguration;
			baseConfigurationReference = 8C10297D2202D177CCE0D5B5 /* Pods-Fill In The Blanks.release.xcconfig */;
			buildSettings = {
				ASSETCATALOG_COMPILER_APPICON_NAME = AppIcon;
				CODE_SIGN_STYLE = Automatic;
				DEVELOPMENT_TEAM = NE2625R7RX;
				INFOPLIST_FILE = "Fill In The Blanks/Info.plist";
				IPHONEOS_DEPLOYMENT_TARGET = 10.3;
				LD_RUNPATH_SEARCH_PATHS = "$(inherited) @executable_path/Frameworks";
				PRODUCT_BUNDLE_IDENTIFIER = "com.codymace.Fill-In-The-Blanks";
				PRODUCT_NAME = "$(TARGET_NAME)";
				SWIFT_VERSION = 4.0;
				TARGETED_DEVICE_FAMILY = "1,2";
			};
			name = Release;
		};
		C3EBE4C120113F9500B44006 /* Debug */ = {
			isa = XCBuildConfiguration;
			baseConfigurationReference = 7005D218D1F855655448F5C1 /* Pods-Fill In The BlanksTests.debug.xcconfig */;
			buildSettings = {
				ALWAYS_EMBED_SWIFT_STANDARD_LIBRARIES = YES;
				BUNDLE_LOADER = "$(TEST_HOST)";
				CODE_SIGN_STYLE = Automatic;
				DEVELOPMENT_TEAM = NE2625R7RX;
				INFOPLIST_FILE = "Fill In The BlanksTests/Info.plist";
				LD_RUNPATH_SEARCH_PATHS = "$(inherited) @executable_path/Frameworks @loader_path/Frameworks";
				PRODUCT_BUNDLE_IDENTIFIER = "com.codymace.Fill-In-The-BlanksTests";
				PRODUCT_NAME = "$(TARGET_NAME)";
				SWIFT_VERSION = 4.0;
				TARGETED_DEVICE_FAMILY = "1,2";
				TEST_HOST = "$(BUILT_PRODUCTS_DIR)/Fill In The Blanks.app/Fill In The Blanks";
			};
			name = Debug;
		};
		C3EBE4C220113F9500B44006 /* Release */ = {
			isa = XCBuildConfiguration;
			baseConfigurationReference = E863A8C5E39206504BC2F536 /* Pods-Fill In The BlanksTests.release.xcconfig */;
			buildSettings = {
				ALWAYS_EMBED_SWIFT_STANDARD_LIBRARIES = YES;
				BUNDLE_LOADER = "$(TEST_HOST)";
				CODE_SIGN_STYLE = Automatic;
				DEVELOPMENT_TEAM = NE2625R7RX;
				INFOPLIST_FILE = "Fill In The BlanksTests/Info.plist";
				LD_RUNPATH_SEARCH_PATHS = "$(inherited) @executable_path/Frameworks @loader_path/Frameworks";
				PRODUCT_BUNDLE_IDENTIFIER = "com.codymace.Fill-In-The-BlanksTests";
				PRODUCT_NAME = "$(TARGET_NAME)";
				SWIFT_VERSION = 4.0;
				TARGETED_DEVICE_FAMILY = "1,2";
				TEST_HOST = "$(BUILT_PRODUCTS_DIR)/Fill In The Blanks.app/Fill In The Blanks";
			};
			name = Release;
		};
		C3EBE4C420113F9500B44006 /* Debug */ = {
			isa = XCBuildConfiguration;
			baseConfigurationReference = 886968A78C0CE51E686C60B2 /* Pods-Fill In The BlanksUITests.debug.xcconfig */;
			buildSettings = {
				ALWAYS_EMBED_SWIFT_STANDARD_LIBRARIES = YES;
				CODE_SIGN_STYLE = Automatic;
				DEVELOPMENT_TEAM = NE2625R7RX;
				INFOPLIST_FILE = "Fill In The BlanksUITests/Info.plist";
				LD_RUNPATH_SEARCH_PATHS = "$(inherited) @executable_path/Frameworks @loader_path/Frameworks";
				PRODUCT_BUNDLE_IDENTIFIER = "com.codymace.Fill-In-The-BlanksUITests";
				PRODUCT_NAME = "$(TARGET_NAME)";
				SWIFT_VERSION = 4.0;
				TARGETED_DEVICE_FAMILY = "1,2";
				TEST_TARGET_NAME = "Fill In The Blanks";
			};
			name = Debug;
		};
		C3EBE4C520113F9500B44006 /* Release */ = {
			isa = XCBuildConfiguration;
			baseConfigurationReference = 1F7B8789C8C35DD0E2E1D035 /* Pods-Fill In The BlanksUITests.release.xcconfig */;
			buildSettings = {
				ALWAYS_EMBED_SWIFT_STANDARD_LIBRARIES = YES;
				CODE_SIGN_STYLE = Automatic;
				DEVELOPMENT_TEAM = NE2625R7RX;
				INFOPLIST_FILE = "Fill In The BlanksUITests/Info.plist";
				LD_RUNPATH_SEARCH_PATHS = "$(inherited) @executable_path/Frameworks @loader_path/Frameworks";
				PRODUCT_BUNDLE_IDENTIFIER = "com.codymace.Fill-In-The-BlanksUITests";
				PRODUCT_NAME = "$(TARGET_NAME)";
				SWIFT_VERSION = 4.0;
				TARGETED_DEVICE_FAMILY = "1,2";
				TEST_TARGET_NAME = "Fill In The Blanks";
			};
			name = Release;
		};
/* End XCBuildConfiguration section */

/* Begin XCConfigurationList section */
		C3EBE49020113F9400B44006 /* Build configuration list for PBXProject "Fill In The Blanks" */ = {
			isa = XCConfigurationList;
			buildConfigurations = (
				C3EBE4BB20113F9500B44006 /* Debug */,
				C3EBE4BC20113F9500B44006 /* Release */,
			);
			defaultConfigurationIsVisible = 0;
			defaultConfigurationName = Release;
		};
		C3EBE4BD20113F9500B44006 /* Build configuration list for PBXNativeTarget "Fill In The Blanks" */ = {
			isa = XCConfigurationList;
			buildConfigurations = (
				C3EBE4BE20113F9500B44006 /* Debug */,
				C3EBE4BF20113F9500B44006 /* Release */,
			);
			defaultConfigurationIsVisible = 0;
			defaultConfigurationName = Release;
		};
		C3EBE4C020113F9500B44006 /* Build configuration list for PBXNativeTarget "Fill In The BlanksTests" */ = {
			isa = XCConfigurationList;
			buildConfigurations = (
				C3EBE4C120113F9500B44006 /* Debug */,
				C3EBE4C220113F9500B44006 /* Release */,
			);
			defaultConfigurationIsVisible = 0;
			defaultConfigurationName = Release;
		};
		C3EBE4C320113F9500B44006 /* Build configuration list for PBXNativeTarget "Fill In The BlanksUITests" */ = {
			isa = XCConfigurationList;
			buildConfigurations = (
				C3EBE4C420113F9500B44006 /* Debug */,
				C3EBE4C520113F9500B44006 /* Release */,
			);
			defaultConfigurationIsVisible = 0;
			defaultConfigurationName = Release;
		};
/* End XCConfigurationList section */
	};
	rootObject = C3EBE48D20113F9400B44006 /* Project object */;
}
